# This file is automatically @generated by Cargo.
# It is not intended for manual editing.
version = 3

[[package]]
name = "aho-corasick"
version = "0.7.3"
source = "registry+https://github.com/rust-lang/crates.io-index"
checksum = "e6f484ae0c99fec2e858eb6134949117399f222608d84cadb3f58c1f97c2364c"
dependencies = [
 "memchr",
]

[[package]]
name = "amcl"
version = "0.2.0"
source = "registry+https://github.com/rust-lang/crates.io-index"
checksum = "ee5cca1ddc8b9dceb55b7f1272a9d1e643d73006f350a20ab4926d24e33f0f0d"

[[package]]
name = "android_log-sys"
version = "0.1.2"
source = "registry+https://github.com/rust-lang/crates.io-index"
checksum = "b8052e2d8aabbb8d556d6abbcce2a22b9590996c5f849b9c7ce4544a2e3b984e"

[[package]]
name = "android_logger"
version = "0.5.3"
source = "registry+https://github.com/rust-lang/crates.io-index"
checksum = "86983875e7c3a202e31471cc6d60fcc18f30e194f1729cfff3bfb43d646ffced"
dependencies = [
 "android_log-sys",
 "lazy_static 1.3.0",
 "log",
]

[[package]]
name = "argon2rs"
version = "0.2.5"
source = "registry+https://github.com/rust-lang/crates.io-index"
checksum = "3f67b0b6a86dae6e67ff4ca2b6201396074996379fba2b92ff649126f37cb392"
dependencies = [
 "blake2-rfc",
 "scoped_threadpool",
]

[[package]]
name = "arrayref"
version = "0.3.5"
source = "registry+https://github.com/rust-lang/crates.io-index"
checksum = "0d382e583f07208808f6b1249e60848879ba3543f57c32277bf52d69c2f0f0ee"

[[package]]
name = "arrayvec"
version = "0.4.10"
source = "registry+https://github.com/rust-lang/crates.io-index"
checksum = "92c7fb76bc8826a8b33b4ee5bb07a247a81e76764ab4d55e8f73e3a4d8808c71"
dependencies = [
 "nodrop",
]

[[package]]
name = "atty"
version = "0.2.11"
source = "registry+https://github.com/rust-lang/crates.io-index"
checksum = "9a7d5b8723950951411ee34d271d99dddcc2035a16ab25310ea2c8cfd4369652"
dependencies = [
 "libc",
 "termion",
 "winapi",
]

[[package]]
name = "autocfg"
version = "0.1.4"
source = "registry+https://github.com/rust-lang/crates.io-index"
checksum = "0e49efa51329a5fd37e7c79db4621af617cd4e3e5bc224939808d076077077bf"

[[package]]
name = "backtrace"
version = "0.3.11"
source = "registry+https://github.com/rust-lang/crates.io-index"
checksum = "18b65ea1161bfb2dd6da6fade5edd4dbd08fba85012123dd333d2fd1b90b2782"
dependencies = [
 "backtrace-sys",
 "cfg-if",
 "libc",
 "rustc-demangle",
 "winapi",
]

[[package]]
name = "backtrace-sys"
version = "0.1.28"
source = "registry+https://github.com/rust-lang/crates.io-index"
checksum = "797c830ac25ccc92a7f8a7b9862bde440715531514594a6154e3d4a54dd769b6"
dependencies = [
 "cc",
 "libc",
]

[[package]]
name = "base64"
version = "0.6.0"
source = "registry+https://github.com/rust-lang/crates.io-index"
checksum = "96434f987501f0ed4eb336a411e0631ecd1afa11574fe148587adc4ff96143c9"
dependencies = [
 "byteorder",
 "safemem",
]

[[package]]
name = "bitflags"
version = "1.1.0"
source = "registry+https://github.com/rust-lang/crates.io-index"
checksum = "3d155346769a6855b86399e9bc3814ab343cd3d62c7e985113d46a0ec3c281fd"

[[package]]
name = "blake2"
version = "0.8.0"
source = "registry+https://github.com/rust-lang/crates.io-index"
checksum = "91721a6330935673395a0607df4d49a9cb90ae12d259f1b3e0a3f6e1d486872e"
dependencies = [
 "byte-tools",
 "crypto-mac",
 "digest",
 "opaque-debug",
]

[[package]]
name = "blake2-rfc"
version = "0.2.18"
source = "registry+https://github.com/rust-lang/crates.io-index"
checksum = "5d6d530bdd2d52966a6d03b7a964add7ae1a288d25214066fd4b600f0f796400"
dependencies = [
 "arrayvec",
 "constant_time_eq",
]

[[package]]
name = "block-buffer"
version = "0.7.3"
source = "registry+https://github.com/rust-lang/crates.io-index"
checksum = "c0940dc441f31689269e10ac70eb1002a3a1d3ad1390e030043662eb7fe4688b"
dependencies = [
 "block-padding",
 "byte-tools",
 "byteorder",
 "generic-array",
]

[[package]]
name = "block-padding"
version = "0.1.4"
source = "registry+https://github.com/rust-lang/crates.io-index"
checksum = "6d4dc3af3ee2e12f3e5d224e5e1e3d73668abbeb69e566d361f7d5563a4fdf09"
dependencies = [
 "byte-tools",
]

[[package]]
name = "bumpalo"
version = "2.4.3"
source = "registry+https://github.com/rust-lang/crates.io-index"
checksum = "84dca3afd8e01b9526818b7963e5b4916063b3cdf9f10cf6b73ef0bd0ec37aa5"

[[package]]
name = "byte-tools"
version = "0.3.1"
source = "registry+https://github.com/rust-lang/crates.io-index"
checksum = "e3b5ca7a04898ad4bcd41c90c5285445ff5b791899bb1b0abdd2a2aa791211d7"

[[package]]
name = "byteorder"
version = "1.3.2"
source = "registry+https://github.com/rust-lang/crates.io-index"
checksum = "a7c3dd8985a7111efc5c80b44e23ecdd8c007de8ade3b96595387e812b957cf5"

[[package]]
name = "cast"
version = "0.2.2"
source = "registry+https://github.com/rust-lang/crates.io-index"
checksum = "926013f2860c46252efceabb19f4a6b308197505082c609025aa6706c011d427"

[[package]]
name = "cc"
version = "1.0.26"
source = "registry+https://github.com/rust-lang/crates.io-index"
checksum = "389803e36973d242e7fecb092b2de44a3d35ac62524b3b9339e51d577d668e02"

[[package]]
name = "cfg-if"
version = "0.1.9"
source = "registry+https://github.com/rust-lang/crates.io-index"
checksum = "b486ce3ccf7ffd79fdeb678eac06a9e6c09fc88d33836340becb8fffe87c5e33"

[[package]]
name = "clap"
version = "2.33.0"
source = "registry+https://github.com/rust-lang/crates.io-index"
checksum = "5067f5bb2d80ef5d68b4c87db81601f0b75bca627bc2ef76b141d7b846a3c6d9"
dependencies = [
 "bitflags",
 "textwrap",
 "unicode-width",
]

[[package]]
name = "clear_on_drop"
version = "0.2.3"
source = "registry+https://github.com/rust-lang/crates.io-index"
checksum = "97276801e127ffb46b66ce23f35cc96bd454fa311294bced4bbace7baa8b1d17"
dependencies = [
 "cc",
]

[[package]]
name = "cloudabi"
version = "0.0.3"
source = "registry+https://github.com/rust-lang/crates.io-index"
checksum = "ddfc5b9aa5d4507acaf872de71051dfd0e309860e88966e1051e462a077aac4f"
dependencies = [
 "bitflags",
]

[[package]]
name = "constant_time_eq"
version = "0.1.3"
source = "registry+https://github.com/rust-lang/crates.io-index"
checksum = "8ff012e225ce166d4422e0e78419d901719760f62ae2b7969ca6b564d1b54a9e"

[[package]]
name = "criterion"
version = "0.2.11"
source = "registry+https://github.com/rust-lang/crates.io-index"
checksum = "0363053954f3e679645fc443321ca128b7b950a6fe288cf5f9335cc22ee58394"
dependencies = [
 "atty",
 "cast",
 "clap",
 "criterion-plot",
 "csv",
 "itertools",
 "lazy_static 1.3.0",
 "libc",
 "num-traits 0.2.8",
 "rand_core 0.3.1",
 "rand_os",
 "rand_xoshiro",
 "rayon",
 "rayon-core",
 "serde",
 "serde_derive",
 "serde_json",
 "tinytemplate",
 "walkdir",
]

[[package]]
name = "criterion-plot"
version = "0.3.1"
source = "registry+https://github.com/rust-lang/crates.io-index"
checksum = "76f9212ddf2f4a9eb2d401635190600656a1f88a932ef53d06e7fa4c7e02fb8e"
dependencies = [
 "byteorder",
 "cast",
 "itertools",
]

[[package]]
name = "crossbeam-deque"
version = "0.6.3"
source = "registry+https://github.com/rust-lang/crates.io-index"
checksum = "05e44b8cf3e1a625844d1750e1f7820da46044ff6d28f4d43e455ba3e5bb2c13"
dependencies = [
 "crossbeam-epoch",
 "crossbeam-utils",
]

[[package]]
name = "crossbeam-epoch"
version = "0.7.1"
source = "registry+https://github.com/rust-lang/crates.io-index"
checksum = "04c9e3102cc2d69cd681412141b390abd55a362afc1540965dad0ad4d34280b4"
dependencies = [
 "arrayvec",
 "cfg-if",
 "crossbeam-utils",
 "lazy_static 1.3.0",
 "memoffset",
 "scopeguard",
]

[[package]]
name = "crossbeam-queue"
version = "0.1.2"
source = "registry+https://github.com/rust-lang/crates.io-index"
checksum = "7c979cd6cfe72335896575c6b5688da489e420d36a27a0b9eb0c73db574b4a4b"
dependencies = [
 "crossbeam-utils",
]

[[package]]
name = "crossbeam-utils"
version = "0.6.5"
source = "registry+https://github.com/rust-lang/crates.io-index"
checksum = "f8306fcef4a7b563b76b7dd949ca48f52bc1141aa067d2ea09565f3e2652aa5c"
dependencies = [
 "cfg-if",
 "lazy_static 1.3.0",
]

[[package]]
name = "crypto-mac"
version = "0.7.0"
source = "registry+https://github.com/rust-lang/crates.io-index"
checksum = "4434400df11d95d556bac068ddfedd482915eb18fe8bea89bc80b6e4b1c179e5"
dependencies = [
 "generic-array",
 "subtle 1.0.0",
]

[[package]]
name = "csv"
version = "1.0.7"
source = "registry+https://github.com/rust-lang/crates.io-index"
checksum = "9044e25afb0924b5a5fc5511689b0918629e85d68ea591e5e87fbf1e85ea1b3b"
dependencies = [
 "csv-core",
 "itoa",
 "ryu",
 "serde",
]

[[package]]
name = "csv-core"
version = "0.1.5"
source = "registry+https://github.com/rust-lang/crates.io-index"
checksum = "fa5cdef62f37e6ffe7d1f07a381bc0db32b7a3ff1cac0de56cb0d81e71f53d65"
dependencies = [
 "memchr",
]

[[package]]
name = "curve25519-dalek"
version = "1.2.1"
source = "registry+https://github.com/rust-lang/crates.io-index"
checksum = "5d4b820e8711c211745880150f5fac78ab07d6e3851d8ce9f5a02cedc199174c"
dependencies = [
 "byteorder",
 "clear_on_drop",
 "digest",
 "rand_core 0.3.1",
 "subtle 2.1.0",
]

[[package]]
name = "darling"
version = "0.9.0"
source = "registry+https://github.com/rust-lang/crates.io-index"
checksum = "fcfbcb0c5961907597a7d1148e3af036268f2b773886b8bb3eeb1e1281d3d3d6"
dependencies = [
 "darling_core",
 "darling_macro",
]

[[package]]
name = "darling_core"
version = "0.9.0"
source = "registry+https://github.com/rust-lang/crates.io-index"
checksum = "6afc018370c3bff3eb51f89256a6bdb18b4fdcda72d577982a14954a7a0b402c"
dependencies = [
 "fnv",
 "ident_case",
 "proc-macro2",
 "quote 0.6.12",
 "strsim",
 "syn 0.15.36",
]

[[package]]
name = "darling_macro"
version = "0.9.0"
source = "registry+https://github.com/rust-lang/crates.io-index"
checksum = "c6d8dac1c6f1d29a41c4712b4400f878cb4fcc4c7628f298dd75038e024998d1"
dependencies = [
 "darling_core",
 "quote 0.6.12",
 "syn 0.15.36",
]

[[package]]
name = "derivative"
version = "1.0.2"
source = "registry+https://github.com/rust-lang/crates.io-index"
checksum = "6073e9676dbebdddeabaeb63e3b7cefd23c86f5c41d381ee1237cc77b1079898"
dependencies = [
 "proc-macro2",
 "quote 0.6.12",
 "syn 0.15.36",
]

[[package]]
name = "digest"
version = "0.8.0"
source = "registry+https://github.com/rust-lang/crates.io-index"
checksum = "05f47366984d3ad862010e22c7ce81a7dbcaebbdfb37241a620f8b6596ee135c"
dependencies = [
 "generic-array",
]

[[package]]
name = "dirs"
version = "1.0.5"
source = "registry+https://github.com/rust-lang/crates.io-index"
checksum = "3fd78930633bd1c6e35c4b42b1df7b0cbc6bc191146e512bb3bedf243fcc3901"
dependencies = [
 "libc",
 "redox_users",
 "winapi",
]

[[package]]
name = "ed25519-dalek"
version = "1.0.0-pre.1"
source = "registry+https://github.com/rust-lang/crates.io-index"
checksum = "81956bcf7ef761fb4e1d88de3fa181358a0d26cbcb9755b587a08f9119824b86"
dependencies = [
 "clear_on_drop",
 "curve25519-dalek",
 "failure",
 "rand 0.6.5",
 "sha2",
]

[[package]]
name = "either"
version = "1.5.2"
source = "registry+https://github.com/rust-lang/crates.io-index"
checksum = "5527cfe0d098f36e3f8839852688e63c8fff1c90b2b405aef730615f9a7bcf7b"

[[package]]
name = "elastic-array-plus"
version = "0.10.0"
source = "registry+https://github.com/rust-lang/crates.io-index"
checksum = "562cc8504a01eb20c10fb154abd7c4baeb9beba2329cf85838ee2bd48a468b18"

[[package]]
name = "env_logger"
version = "0.5.13"
source = "registry+https://github.com/rust-lang/crates.io-index"
checksum = "15b0a4d2e39f8420210be8b27eeda28029729e2fd4291019455016c348240c38"
dependencies = [
 "atty",
 "humantime",
 "log",
 "regex",
 "termcolor",
]

[[package]]
name = "errno"
version = "0.2.4"
source = "registry+https://github.com/rust-lang/crates.io-index"
checksum = "c2a071601ed01b988f896ab14b95e67335d1eeb50190932a1320f7fe3cadc84e"
dependencies = [
 "errno-dragonfly",
 "libc",
 "winapi",
]

[[package]]
name = "errno-dragonfly"
version = "0.1.1"
source = "registry+https://github.com/rust-lang/crates.io-index"
checksum = "14ca354e36190500e1e1fb267c647932382b54053c50b14970856c0b00a35067"
dependencies = [
 "gcc",
 "libc",
]

[[package]]
name = "error-chain"
version = "0.10.0"
source = "registry+https://github.com/rust-lang/crates.io-index"
checksum = "d9435d864e017c3c6afeac1654189b06cdb491cf2ff73dbf0d73b0f292f42ff8"

[[package]]
name = "etcommon-hexutil"
version = "0.2.4"
source = "registry+https://github.com/rust-lang/crates.io-index"
checksum = "20b4d1933bf88b806ba2d9189880b1b4ef205e42df9573b65716f2a50818024c"

[[package]]
name = "etcommon-rlp"
version = "0.2.4"
source = "registry+https://github.com/rust-lang/crates.io-index"
checksum = "804a932fed78022b8ec25c06576c57f683a6646dfae22f93dcc5d23470aafe85"
dependencies = [
 "byteorder",
 "elastic-array-plus",
 "etcommon-hexutil",
 "lazy_static 0.2.11",
]

[[package]]
name = "failure"
version = "0.1.5"
source = "registry+https://github.com/rust-lang/crates.io-index"
checksum = "795bd83d3abeb9220f257e597aa0080a508b27533824adf336529648f6abf7e2"
dependencies = [
 "backtrace",
 "failure_derive",
]

[[package]]
name = "failure_derive"
version = "0.1.5"
source = "registry+https://github.com/rust-lang/crates.io-index"
checksum = "ea1063915fd7ef4309e222a5a07cf9c319fb9c7836b1f89b85458672dbb127e1"
dependencies = [
 "proc-macro2",
 "quote 0.6.12",
 "syn 0.15.36",
 "synstructure",
]

[[package]]
name = "fake-simd"
version = "0.1.2"
source = "registry+https://github.com/rust-lang/crates.io-index"
checksum = "e88a8acf291dafb59c2d96e8f59828f3838bb1a70398823ade51a84de6a6deed"

[[package]]
name = "fnv"
version = "1.0.6"
source = "registry+https://github.com/rust-lang/crates.io-index"
checksum = "2fad85553e09a6f881f739c29f0b00b0f01357c743266d478b68951ce23285f3"

[[package]]
name = "foreign-types"
version = "0.3.2"
source = "registry+https://github.com/rust-lang/crates.io-index"
checksum = "f6f339eb8adc052cd2ca78910fda869aefa38d22d5cb648e6485e4d3fc06f3b1"
dependencies = [
 "foreign-types-shared",
]

[[package]]
name = "foreign-types-shared"
version = "0.1.1"
source = "registry+https://github.com/rust-lang/crates.io-index"
checksum = "00b0228411908ca8685dba7fc2cdd70ec9990a6e753e89b6ac91a84c40fbaf4b"

[[package]]
name = "fuchsia-cprng"
version = "0.1.1"
source = "registry+https://github.com/rust-lang/crates.io-index"
checksum = "a06f77d526c1a601b7c4cdd98f54b5eaabffc14d5f2f0296febdc7f357c6d3ba"

[[package]]
name = "futures"
version = "0.1.27"
source = "registry+https://github.com/rust-lang/crates.io-index"
checksum = "a2037ec1c6c1c4f79557762eab1f7eae1f64f6cb418ace90fae88f0942b60139"

[[package]]
name = "gcc"
version = "0.3.55"
source = "registry+https://github.com/rust-lang/crates.io-index"
checksum = "8f5f3913fa0bfe7ee1fd8248b6b9f42a5af4b9d65ec2dd2c3c26132b950ecfc2"

[[package]]
name = "generic-array"
version = "0.12.4"
source = "registry+https://github.com/rust-lang/crates.io-index"
checksum = "ffdf9f34f1447443d37393cc6c2b8313aebddcd96906caf34e54c68d8e57d7bd"
dependencies = [
 "typenum",
]

[[package]]
name = "hex"
version = "0.3.2"
source = "registry+https://github.com/rust-lang/crates.io-index"
checksum = "805026a5d0141ffc30abb3be3173848ad46a1b1664fe632428479619a3644d77"

[[package]]
name = "humantime"
version = "1.2.0"
source = "registry+https://github.com/rust-lang/crates.io-index"
checksum = "3ca7e5f2e110db35f93b837c81797f3714500b81d517bf20c431b16d3ca4f114"
dependencies = [
 "quick-error",
]

[[package]]
name = "ident_case"
version = "1.0.1"
source = "registry+https://github.com/rust-lang/crates.io-index"
checksum = "b9e0384b61958566e926dc50660321d12159025e767c18e043daf26b70104c39"

[[package]]
name = "indy"
version = "1.9.0"
dependencies = [
 "failure",
 "futures",
 "indy-sys",
 "lazy_static 0.2.11",
 "libc",
 "log",
 "num-derive",
 "num-traits 0.2.8",
 "serde",
 "serde_derive",
 "serde_json",
]

[[package]]
name = "indy-sys"
version = "1.9.0"
dependencies = [
 "libc",
 "pkg-config",
 "regex",
 "vcpkg",
]

[[package]]
name = "int_traits"
version = "0.1.1"
source = "registry+https://github.com/rust-lang/crates.io-index"
checksum = "b33c9a5c599d67d051c4dc25eb1b6b4ef715d1763c20c85c688717a1734f204e"

[[package]]
name = "itertools"
version = "0.8.0"
source = "registry+https://github.com/rust-lang/crates.io-index"
checksum = "5b8467d9c1cebe26feb08c640139247fac215782d35371ade9a2136ed6085358"
dependencies = [
 "either",
]

[[package]]
name = "itoa"
version = "0.4.4"
source = "registry+https://github.com/rust-lang/crates.io-index"
checksum = "501266b7edd0174f8530248f87f99c88fbe60ca4ef3dd486835b8d8d53136f7f"

[[package]]
name = "keccak"
version = "0.1.0"
source = "registry+https://github.com/rust-lang/crates.io-index"
checksum = "67c21572b4949434e4fc1e1978b99c5f77064153c59d998bf13ecd96fb5ecba7"

[[package]]
name = "lazy_static"
version = "0.2.11"
source = "registry+https://github.com/rust-lang/crates.io-index"
checksum = "76f033c7ad61445c5b347c7382dd1237847eb1bce590fe50365dcb33d546be73"

[[package]]
name = "lazy_static"
version = "1.3.0"
source = "registry+https://github.com/rust-lang/crates.io-index"
checksum = "bc5729f27f159ddd61f4df6228e827e86643d4d3e7c32183cb30a1c08f604a14"

[[package]]
name = "libc"
version = "0.2.41"
source = "registry+https://github.com/rust-lang/crates.io-index"
checksum = "ac8ebf8343a981e2fa97042b14768f02ed3e1d602eac06cae6166df3c8ced206"

[[package]]
name = "libindy"
version = "1.9.0"
dependencies = [
 "android_logger",
 "base64",
 "byteorder",
 "criterion",
 "derivative",
 "dirs",
 "env_logger",
 "errno",
 "etcommon-rlp",
 "failure",
 "futures",
 "hex",
 "indy",
 "indy-sys",
 "int_traits",
 "lazy_static 1.3.0",
 "libc",
 "libsqlite3-sys",
 "log",
 "log-derive",
 "log-panics",
 "named_type",
 "named_type_derive",
 "openssl",
 "owning_ref",
 "rand 0.6.5",
 "rmp-serde",
 "rusqlite",
 "rust-base58",
 "serde",
 "serde_derive",
 "serde_json",
 "sha2",
 "sha3",
 "sodiumoxide",
 "threadpool",
 "time",
 "ursa",
 "uuid",
 "zeroize 0.9.1",
 "zmq",
]

[[package]]
name = "libsodium-sys"
version = "0.0.16"
source = "registry+https://github.com/rust-lang/crates.io-index"
checksum = "fcbd1beeed8d44caa8a669ebaa697c313976e242c03cc9fb23d88bf1656f5542"
dependencies = [
 "libc",
 "pkg-config",
]

[[package]]
name = "libsqlite3-sys"
version = "0.9.3"
source = "registry+https://github.com/rust-lang/crates.io-index"
checksum = "d3711dfd91a1081d2458ad2d06ea30a8755256e74038be2ad927d94e1c955ca8"
dependencies = [
 "cc",
 "pkg-config",
 "vcpkg",
]

[[package]]
name = "linked-hash-map"
version = "0.5.2"
source = "registry+https://github.com/rust-lang/crates.io-index"
checksum = "ae91b68aebc4ddb91978b11a1b02ddd8602a05ec19002801c5666000e05e0f83"

[[package]]
name = "log"
version = "0.4.6"
source = "registry+https://github.com/rust-lang/crates.io-index"
checksum = "c84ec4b527950aa83a329754b01dbe3f58361d1c5efacd1f6d68c494d08a17c6"
dependencies = [
 "cfg-if",
]

[[package]]
name = "log-derive"
version = "0.3.0"
source = "registry+https://github.com/rust-lang/crates.io-index"
checksum = "90b7e153f2d4bf69d46a9e640e2c96573940fca671d275bf6f7687f6bab803fc"
dependencies = [
 "darling",
 "log",
 "proc-macro2",
 "quote 0.6.12",
 "syn 0.15.36",
]

[[package]]
name = "log-panics"
version = "2.0.0"
source = "registry+https://github.com/rust-lang/crates.io-index"
checksum = "ae0136257df209261daa18d6c16394757c63e032e27aafd8b07788b051082bef"
dependencies = [
 "log",
]

[[package]]
name = "lru-cache"
version = "0.1.2"
source = "registry+https://github.com/rust-lang/crates.io-index"
checksum = "31e24f1ad8321ca0e8a1e0ac13f23cb668e6f5466c2c57319f6a5cf1cc8e3b1c"
dependencies = [
 "linked-hash-map",
]

[[package]]
name = "memchr"
version = "2.2.0"
source = "registry+https://github.com/rust-lang/crates.io-index"
checksum = "2efc7bc57c883d4a4d6e3246905283d8dae951bb3bd32f49d6ef297f546e1c39"
dependencies = [
 "libc",
]

[[package]]
name = "memoffset"
version = "0.2.1"
source = "registry+https://github.com/rust-lang/crates.io-index"
checksum = "0f9dc261e2b62d7a622bf416ea3c5245cdd5d9a7fcc428c0d06804dfce1775b3"

[[package]]
name = "metadeps"
version = "1.1.2"
source = "registry+https://github.com/rust-lang/crates.io-index"
checksum = "73b122901b3a675fac8cecf68dcb2f0d3036193bc861d1ac0e1c337f7d5254c2"
dependencies = [
 "error-chain",
 "pkg-config",
 "toml",
]

[[package]]
name = "named_type"
version = "0.1.6"
source = "registry+https://github.com/rust-lang/crates.io-index"
checksum = "c39ac6c5ee13bf558879a82198b0afe84989cf3f7fb7592b56d73eb1a50c9e66"

[[package]]
name = "named_type_derive"
version = "0.1.6"
source = "registry+https://github.com/rust-lang/crates.io-index"
checksum = "651d7e408d728ded66748986dc046156dbc7bd25add9ea334bcf762c7a83e14a"
dependencies = [
 "named_type",
 "quote 0.3.15",
 "syn 0.11.11",
]

[[package]]
name = "nodrop"
version = "0.1.13"
source = "registry+https://github.com/rust-lang/crates.io-index"
checksum = "2f9667ddcc6cc8a43afc9b7917599d7216aa09c463919ea32c59ed6cac8bc945"

[[package]]
name = "num"
version = "0.2.0"
source = "registry+https://github.com/rust-lang/crates.io-index"
checksum = "cf4825417e1e1406b3782a8ce92f4d53f26ec055e3622e1881ca8e9f5f9e08db"
dependencies = [
 "num-bigint",
 "num-complex",
 "num-integer",
 "num-iter",
 "num-rational",
 "num-traits 0.2.8",
]

[[package]]
name = "num-bigint"
version = "0.2.2"
source = "registry+https://github.com/rust-lang/crates.io-index"
checksum = "57450397855d951f1a41305e54851b1a7b8f5d2e349543a02a2effe25459f718"
dependencies = [
 "num-integer",
 "num-traits 0.2.8",
]

[[package]]
name = "num-complex"
version = "0.2.3"
source = "registry+https://github.com/rust-lang/crates.io-index"
checksum = "fcb0cf31fb3ff77e6d2a6ebd6800df7fdcd106f2ad89113c9130bcd07f93dffc"
dependencies = [
 "autocfg",
 "num-traits 0.2.8",
]

[[package]]
name = "num-derive"
version = "0.2.5"
source = "registry+https://github.com/rust-lang/crates.io-index"
checksum = "eafd0b45c5537c3ba526f79d3e75120036502bebacbb3f3220914067ce39dbf2"
dependencies = [
 "proc-macro2",
 "quote 0.6.12",
 "syn 0.15.36",
]

[[package]]
name = "num-integer"
version = "0.1.41"
source = "registry+https://github.com/rust-lang/crates.io-index"
checksum = "b85e541ef8255f6cf42bbfe4ef361305c6c135d10919ecc26126c4e5ae94bc09"
dependencies = [
 "autocfg",
 "num-traits 0.2.8",
]

[[package]]
name = "num-iter"
version = "0.1.39"
source = "registry+https://github.com/rust-lang/crates.io-index"
checksum = "76bd5272412d173d6bf9afdf98db8612bbabc9a7a830b7bfc9c188911716132e"
dependencies = [
 "autocfg",
 "num-integer",
 "num-traits 0.2.8",
]

[[package]]
name = "num-rational"
version = "0.2.2"
source = "registry+https://github.com/rust-lang/crates.io-index"
checksum = "f2885278d5fe2adc2f75ced642d52d879bffaceb5a2e0b1d4309ffdfb239b454"
dependencies = [
 "autocfg",
 "num-bigint",
 "num-integer",
 "num-traits 0.2.8",
]

[[package]]
name = "num-traits"
version = "0.1.43"
source = "registry+https://github.com/rust-lang/crates.io-index"
checksum = "92e5113e9fd4cc14ded8e499429f396a20f98c772a47cc8622a736e1ec843c31"
dependencies = [
 "num-traits 0.2.8",
]

[[package]]
name = "num-traits"
version = "0.2.8"
source = "registry+https://github.com/rust-lang/crates.io-index"
checksum = "6ba9a427cfca2be13aa6f6403b0b7e7368fe982bfa16fccc450ce74c46cd9b32"
dependencies = [
 "autocfg",
]

[[package]]
name = "num_cpus"
version = "1.10.1"
source = "registry+https://github.com/rust-lang/crates.io-index"
checksum = "bcef43580c035376c0705c42792c294b66974abbfd2789b511784023f71f3273"
dependencies = [
 "libc",
]

[[package]]
name = "numtoa"
version = "0.1.0"
source = "registry+https://github.com/rust-lang/crates.io-index"
checksum = "b8f8bdf33df195859076e54ab11ee78a1b208382d3a26ec40d142ffc1ecc49ef"

[[package]]
name = "opaque-debug"
version = "0.2.2"
source = "registry+https://github.com/rust-lang/crates.io-index"
checksum = "93f5bb2e8e8dec81642920ccff6b61f1eb94fa3020c5a325c9851ff604152409"

[[package]]
name = "openssl"
version = "0.10.12"
source = "registry+https://github.com/rust-lang/crates.io-index"
checksum = "5e2e79eede055813a3ac52fb3915caf8e1c9da2dec1587871aec9f6f7b48508d"
dependencies = [
 "bitflags",
 "cfg-if",
 "foreign-types",
 "lazy_static 1.3.0",
 "libc",
 "openssl-sys",
]

[[package]]
name = "openssl-sys"
version = "0.9.47"
source = "registry+https://github.com/rust-lang/crates.io-index"
checksum = "75bdd6dbbb4958d38e47a1d2348847ad1eb4dc205dc5d37473ae504391865acc"
dependencies = [
 "autocfg",
 "cc",
 "libc",
 "pkg-config",
 "vcpkg",
]

[[package]]
name = "owning_ref"
version = "0.4.0"
source = "registry+https://github.com/rust-lang/crates.io-index"
checksum = "49a4b8ea2179e6a2e27411d3bca09ca6dd630821cf6894c6c7c8467a8ee7ef13"
dependencies = [
 "stable_deref_trait",
]

[[package]]
name = "pkg-config"
version = "0.3.14"
source = "registry+https://github.com/rust-lang/crates.io-index"
checksum = "676e8eb2b1b4c9043511a9b7bea0915320d7e502b0a079fb03f9635a5252b18c"

[[package]]
name = "proc-macro2"
version = "0.4.30"
source = "registry+https://github.com/rust-lang/crates.io-index"
checksum = "cf3d2011ab5c909338f7887f4fc896d35932e29146c12c8d01da6b22a80ba759"
dependencies = [
 "unicode-xid 0.1.0",
]

[[package]]
name = "quick-error"
version = "1.2.2"
source = "registry+https://github.com/rust-lang/crates.io-index"
checksum = "9274b940887ce9addde99c4eee6b5c44cc494b182b97e73dc8ffdcb3397fd3f0"

[[package]]
name = "quote"
version = "0.3.15"
source = "registry+https://github.com/rust-lang/crates.io-index"
checksum = "7a6e920b65c65f10b2ae65c831a81a073a89edd28c7cce89475bff467ab4167a"

[[package]]
name = "quote"
version = "0.6.12"
source = "registry+https://github.com/rust-lang/crates.io-index"
checksum = "faf4799c5d274f3868a4aae320a0a182cbd2baee377b378f080e16a23e9d80db"
dependencies = [
 "proc-macro2",
]

[[package]]
name = "rand"
version = "0.3.23"
source = "registry+https://github.com/rust-lang/crates.io-index"
checksum = "64ac302d8f83c0c1974bf758f6b041c6c8ada916fbb44a609158ca8b064cc76c"
dependencies = [
 "libc",
 "rand 0.4.6",
]

[[package]]
name = "rand"
version = "0.4.6"
source = "registry+https://github.com/rust-lang/crates.io-index"
checksum = "552840b97013b1a26992c11eac34bdd778e464601a4c2054b5f0bff7c6761293"
dependencies = [
 "fuchsia-cprng",
 "libc",
 "rand_core 0.3.1",
 "rdrand",
 "winapi",
]

[[package]]
name = "rand"
version = "0.6.5"
source = "registry+https://github.com/rust-lang/crates.io-index"
checksum = "6d71dacdc3c88c1fde3885a3be3fbab9f35724e6ce99467f7d9c5026132184ca"
dependencies = [
 "autocfg",
 "libc",
 "rand_chacha",
 "rand_core 0.4.0",
 "rand_hc",
 "rand_isaac",
 "rand_jitter",
 "rand_os",
 "rand_pcg",
 "rand_xorshift",
 "winapi",
]

[[package]]
name = "rand_chacha"
version = "0.1.1"
source = "registry+https://github.com/rust-lang/crates.io-index"
checksum = "556d3a1ca6600bfcbab7c7c91ccb085ac7fbbcd70e008a98742e7847f4f7bcef"
dependencies = [
 "autocfg",
 "rand_core 0.3.1",
]

[[package]]
name = "rand_core"
version = "0.3.1"
source = "registry+https://github.com/rust-lang/crates.io-index"
checksum = "7a6fdeb83b075e8266dcc8762c22776f6877a63111121f5f8c7411e5be7eed4b"
dependencies = [
 "rand_core 0.4.0",
]

[[package]]
name = "rand_core"
version = "0.4.0"
source = "registry+https://github.com/rust-lang/crates.io-index"
checksum = "d0e7a549d590831370895ab7ba4ea0c1b6b011d106b5ff2da6eee112615e6dc0"

[[package]]
name = "rand_hc"
version = "0.1.0"
source = "registry+https://github.com/rust-lang/crates.io-index"
checksum = "7b40677c7be09ae76218dc623efbf7b18e34bced3f38883af07bb75630a21bc4"
dependencies = [
 "rand_core 0.3.1",
]

[[package]]
name = "rand_isaac"
version = "0.1.1"
source = "registry+https://github.com/rust-lang/crates.io-index"
checksum = "ded997c9d5f13925be2a6fd7e66bf1872597f759fd9dd93513dd7e92e5a5ee08"
dependencies = [
 "rand_core 0.3.1",
]

[[package]]
name = "rand_jitter"
version = "0.1.4"
source = "registry+https://github.com/rust-lang/crates.io-index"
checksum = "1166d5c91dc97b88d1decc3285bb0a99ed84b05cfd0bc2341bdf2d43fc41e39b"
dependencies = [
 "libc",
 "rand_core 0.4.0",
 "winapi",
]

[[package]]
name = "rand_os"
version = "0.1.3"
source = "registry+https://github.com/rust-lang/crates.io-index"
checksum = "7b75f676a1e053fc562eafbb47838d67c84801e38fc1ba459e8f180deabd5071"
dependencies = [
 "cloudabi",
 "fuchsia-cprng",
 "libc",
 "rand_core 0.4.0",
 "rdrand",
 "wasm-bindgen",
 "winapi",
]

[[package]]
name = "rand_pcg"
version = "0.1.2"
source = "registry+https://github.com/rust-lang/crates.io-index"
checksum = "abf9b09b01790cfe0364f52bf32995ea3c39f4d2dd011eac241d2914146d0b44"
dependencies = [
 "autocfg",
 "rand_core 0.4.0",
]

[[package]]
name = "rand_xorshift"
version = "0.1.1"
source = "registry+https://github.com/rust-lang/crates.io-index"
checksum = "cbf7e9e623549b0e21f6e97cf8ecf247c1a8fd2e8a992ae265314300b2455d5c"
dependencies = [
 "rand_core 0.3.1",
]

[[package]]
name = "rand_xoshiro"
version = "0.1.0"
source = "registry+https://github.com/rust-lang/crates.io-index"
checksum = "03b418169fb9c46533f326efd6eed2576699c44ca92d3052a066214a8d828929"
dependencies = [
 "byteorder",
 "rand_core 0.3.1",
]

[[package]]
name = "rayon"
version = "1.1.0"
source = "registry+https://github.com/rust-lang/crates.io-index"
checksum = "a4b0186e22767d5b9738a05eab7c6ac90b15db17e5b5f9bd87976dd7d89a10a4"
dependencies = [
 "crossbeam-deque",
 "either",
 "rayon-core",
]

[[package]]
name = "rayon-core"
version = "1.5.0"
source = "registry+https://github.com/rust-lang/crates.io-index"
checksum = "ebbe0df8435ac0c397d467b6cad6d25543d06e8a019ef3f6af3c384597515bd2"
dependencies = [
 "crossbeam-deque",
 "crossbeam-queue",
 "crossbeam-utils",
 "lazy_static 1.3.0",
 "num_cpus",
]

[[package]]
name = "rdrand"
version = "0.4.0"
source = "registry+https://github.com/rust-lang/crates.io-index"
checksum = "678054eb77286b51581ba43620cc911abf02758c91f93f479767aed0f90458b2"
dependencies = [
 "rand_core 0.3.1",
]

[[package]]
name = "redox_syscall"
version = "0.1.54"
source = "registry+https://github.com/rust-lang/crates.io-index"
checksum = "12229c14a0f65c4f1cb046a3b52047cdd9da1f4b30f8a39c5063c8bae515e252"

[[package]]
name = "redox_termios"
version = "0.1.1"
source = "registry+https://github.com/rust-lang/crates.io-index"
checksum = "7e891cfe48e9100a70a3b6eb652fef28920c117d366339687bd5576160db0f76"
dependencies = [
 "redox_syscall",
]

[[package]]
name = "redox_users"
version = "0.3.0"
source = "registry+https://github.com/rust-lang/crates.io-index"
checksum = "3fe5204c3a17e97dde73f285d49be585df59ed84b50a872baf416e73b62c3828"
dependencies = [
 "argon2rs",
 "failure",
 "rand_os",
 "redox_syscall",
]

[[package]]
name = "regex"
version = "1.1.7"
source = "registry+https://github.com/rust-lang/crates.io-index"
checksum = "0b2f0808e7d7e4fb1cb07feb6ff2f4bc827938f24f8c2e6a3beb7370af544bdd"
dependencies = [
 "aho-corasick",
 "memchr",
 "regex-syntax",
 "thread_local",
 "utf8-ranges",
]

[[package]]
name = "regex-syntax"
version = "0.6.7"
source = "registry+https://github.com/rust-lang/crates.io-index"
checksum = "9d76410686f9e3a17f06128962e0ecc5755870bb890c34820c7af7f1db2e1d48"
dependencies = [
 "ucd-util",
]

[[package]]
name = "rmp"
version = "0.8.7"
source = "registry+https://github.com/rust-lang/crates.io-index"
checksum = "a3d45d7afc9b132b34a2479648863aa95c5c88e98b32285326a6ebadc80ec5c9"
dependencies = [
 "byteorder",
 "num-traits 0.1.43",
]

[[package]]
name = "rmp-serde"
version = "0.13.7"
source = "registry+https://github.com/rust-lang/crates.io-index"
checksum = "011e1d58446e9fa3af7cdc1fb91295b10621d3ac4cb3a85cc86385ee9ca50cd3"
dependencies = [
 "byteorder",
 "rmp",
 "serde",
]

[[package]]
name = "rusqlite"
version = "0.13.0"
source = "registry+https://github.com/rust-lang/crates.io-index"
checksum = "d9409d78a5a9646685688266e1833df8f08b71ffcae1b5db6c1bfb5970d8a80f"
dependencies = [
 "bitflags",
 "libsqlite3-sys",
 "lru-cache",
 "time",
]

[[package]]
name = "rust-base58"
version = "0.0.4"
source = "registry+https://github.com/rust-lang/crates.io-index"
checksum = "b313b91fcdc6719ad41fa2dad2b7e810b03833fae4bf911950e15529a5f04439"
dependencies = [
 "num",
]

[[package]]
name = "rustc-demangle"
version = "0.1.15"
source = "registry+https://github.com/rust-lang/crates.io-index"
checksum = "a7f4dccf6f4891ebcc0c39f9b6eb1a83b9bf5d747cb439ec6fba4f3b977038af"

[[package]]
name = "ryu"
version = "0.2.8"
source = "registry+https://github.com/rust-lang/crates.io-index"
checksum = "b96a9549dc8d48f2c283938303c4b5a77aa29bfbc5b54b084fb1630408899a8f"

[[package]]
name = "safemem"
version = "0.2.0"
source = "registry+https://github.com/rust-lang/crates.io-index"
checksum = "e27a8b19b835f7aea908818e871f5cc3a5a186550c30773be987e155e8163d8f"

[[package]]
name = "same-file"
version = "1.0.4"
source = "registry+https://github.com/rust-lang/crates.io-index"
checksum = "8f20c4be53a8a1ff4c1f1b2bd14570d2f634628709752f0702ecdd2b3f9a5267"
dependencies = [
 "winapi-util",
]

[[package]]
name = "scoped_threadpool"
version = "0.1.9"
source = "registry+https://github.com/rust-lang/crates.io-index"
checksum = "1d51f5df5af43ab3f1360b429fa5e0152ac5ce8c0bd6485cae490332e96846a8"

[[package]]
name = "scopeguard"
version = "0.3.3"
source = "registry+https://github.com/rust-lang/crates.io-index"
checksum = "94258f53601af11e6a49f722422f6e3425c52b06245a5cf9bc09908b174f5e27"

[[package]]
name = "secp256k1"
version = "0.12.2"
source = "registry+https://github.com/rust-lang/crates.io-index"
checksum = "bfaccd3a23619349e0878d9a241f34b1982343cdf67367058cd7d078d326b63e"
dependencies = [
 "cc",
 "rand 0.4.6",
 "serde",
]

[[package]]
name = "serde"
version = "1.0.92"
source = "registry+https://github.com/rust-lang/crates.io-index"
checksum = "32746bf0f26eab52f06af0d0aa1984f641341d06d8d673c693871da2d188c9be"

[[package]]
name = "serde_derive"
version = "1.0.92"
source = "registry+https://github.com/rust-lang/crates.io-index"
checksum = "46a3223d0c9ba936b61c0d2e3e559e3217dbfb8d65d06d26e8b3c25de38bae3e"
dependencies = [
 "proc-macro2",
 "quote 0.6.12",
 "syn 0.15.36",
]

[[package]]
name = "serde_json"
version = "1.0.39"
source = "registry+https://github.com/rust-lang/crates.io-index"
checksum = "5a23aa71d4a4d43fdbfaac00eff68ba8a06a51759a89ac3304323e800c4dd40d"
dependencies = [
 "itoa",
 "ryu",
 "serde",
]

[[package]]
name = "sha2"
version = "0.8.0"
source = "registry+https://github.com/rust-lang/crates.io-index"
checksum = "7b4d8bfd0e469f417657573d8451fb33d16cfe0989359b93baf3a1ffc639543d"
dependencies = [
 "block-buffer",
 "digest",
 "fake-simd",
 "opaque-debug",
]

[[package]]
name = "sha3"
version = "0.8.2"
source = "registry+https://github.com/rust-lang/crates.io-index"
checksum = "dd26bc0e7a2e3a7c959bc494caf58b72ee0c71d67704e9520f736ca7e4853ecf"
dependencies = [
 "block-buffer",
 "byte-tools",
 "digest",
 "keccak",
 "opaque-debug",
]

[[package]]
name = "sodiumoxide"
version = "0.0.16"
source = "registry+https://github.com/rust-lang/crates.io-index"
checksum = "eb5cb2f14f9a51352ad65e59257a0a9459d5a36a3615f3d53a974c82fdaaa00a"
dependencies = [
 "libc",
 "libsodium-sys",
 "serde",
]

[[package]]
name = "stable_deref_trait"
version = "1.1.1"
source = "registry+https://github.com/rust-lang/crates.io-index"
checksum = "dba1a27d3efae4351c8051072d619e3ade2820635c3958d826bfea39d59b54c8"

[[package]]
name = "strsim"
version = "0.7.0"
source = "registry+https://github.com/rust-lang/crates.io-index"
checksum = "bb4f380125926a99e52bc279241539c018323fab05ad6368b56f93d9369ff550"

[[package]]
name = "subtle"
version = "1.0.0"
source = "registry+https://github.com/rust-lang/crates.io-index"
checksum = "2d67a5a62ba6e01cb2192ff309324cb4875d0c451d55fe2319433abe7a05a8ee"

[[package]]
name = "subtle"
version = "2.1.0"
source = "registry+https://github.com/rust-lang/crates.io-index"
checksum = "01dca13cf6c3b179864ab3292bd794e757618d35a7766b7c46050c614ba00829"

[[package]]
name = "syn"
version = "0.11.11"
source = "registry+https://github.com/rust-lang/crates.io-index"
checksum = "d3b891b9015c88c576343b9b3e41c2c11a51c219ef067b264bd9c8aa9b441dad"
dependencies = [
 "quote 0.3.15",
 "synom",
 "unicode-xid 0.0.4",
]

[[package]]
name = "syn"
version = "0.15.36"
source = "registry+https://github.com/rust-lang/crates.io-index"
checksum = "8b4f551a91e2e3848aeef8751d0d4eec9489b6474c720fd4c55958d8d31a430c"
dependencies = [
 "proc-macro2",
 "quote 0.6.12",
 "unicode-xid 0.1.0",
]

[[package]]
name = "synom"
version = "0.11.3"
source = "registry+https://github.com/rust-lang/crates.io-index"
checksum = "a393066ed9010ebaed60b9eafa373d4b1baac186dd7e008555b0f702b51945b6"
dependencies = [
 "unicode-xid 0.0.4",
]

[[package]]
name = "synstructure"
version = "0.10.2"
source = "registry+https://github.com/rust-lang/crates.io-index"
checksum = "02353edf96d6e4dc81aea2d8490a7e9db177bf8acb0e951c24940bf866cb313f"
dependencies = [
 "proc-macro2",
 "quote 0.6.12",
 "syn 0.15.36",
 "unicode-xid 0.1.0",
]

[[package]]
name = "termcolor"
version = "1.0.5"
source = "registry+https://github.com/rust-lang/crates.io-index"
checksum = "96d6098003bde162e4277c70665bd87c326f5a0c3f3fbfb285787fa482d54e6e"
dependencies = [
 "wincolor",
]

[[package]]
name = "termion"
version = "1.5.3"
source = "registry+https://github.com/rust-lang/crates.io-index"
checksum = "6a8fb22f7cde82c8220e5aeacb3258ed7ce996142c77cba193f203515e26c330"
dependencies = [
 "libc",
 "numtoa",
 "redox_syscall",
 "redox_termios",
]

[[package]]
name = "textwrap"
version = "0.11.0"
source = "registry+https://github.com/rust-lang/crates.io-index"
checksum = "d326610f408c7a4eb6f51c37c330e496b08506c9457c9d34287ecc38809fb060"
dependencies = [
 "unicode-width",
]

[[package]]
name = "thread_local"
version = "0.3.6"
source = "registry+https://github.com/rust-lang/crates.io-index"
checksum = "c6b53e329000edc2b34dbe8545fd20e55a333362d0a321909685a19bd28c3f1b"
dependencies = [
 "lazy_static 1.3.0",
]

[[package]]
name = "threadpool"
version = "1.7.1"
source = "registry+https://github.com/rust-lang/crates.io-index"
checksum = "e2f0c90a5f3459330ac8bc0d2f879c693bb7a2f59689c1083fc4ef83834da865"
dependencies = [
 "num_cpus",
]

[[package]]
name = "time"
version = "0.1.42"
source = "registry+https://github.com/rust-lang/crates.io-index"
checksum = "db8dcfca086c1143c9270ac42a2bbd8a7ee477b78ac8e45b19abfb0cbede4b6f"
dependencies = [
 "libc",
 "redox_syscall",
 "winapi",
]

[[package]]
name = "tinytemplate"
version = "1.0.2"
source = "registry+https://github.com/rust-lang/crates.io-index"
checksum = "4574b75faccaacddb9b284faecdf0b544b80b6b294f3d062d325c5726a209c20"
dependencies = [
 "serde",
 "serde_json",
]

[[package]]
name = "toml"
version = "0.2.1"
source = "registry+https://github.com/rust-lang/crates.io-index"
checksum = "736b60249cb25337bc196faa43ee12c705e426f3d55c214d73a4e7be06f92cb4"

[[package]]
name = "typenum"
version = "1.10.0"
source = "registry+https://github.com/rust-lang/crates.io-index"
checksum = "612d636f949607bdf9b123b4a6f6d966dedf3ff669f7f045890d3a4a73948169"

[[package]]
name = "ucd-util"
version = "0.1.3"
source = "registry+https://github.com/rust-lang/crates.io-index"
checksum = "535c204ee4d8434478593480b8f86ab45ec9aae0e83c568ca81abf0fd0e88f86"

[[package]]
name = "unicode-width"
version = "0.1.5"
source = "registry+https://github.com/rust-lang/crates.io-index"
checksum = "882386231c45df4700b275c7ff55b6f3698780a650026380e72dabe76fa46526"

[[package]]
name = "unicode-xid"
version = "0.0.4"
source = "registry+https://github.com/rust-lang/crates.io-index"
checksum = "8c1f860d7d29cf02cb2f3f359fd35991af3d30bac52c57d265a3c461074cb4dc"

[[package]]
name = "unicode-xid"
version = "0.1.0"
source = "registry+https://github.com/rust-lang/crates.io-index"
checksum = "fc72304796d0818e357ead4e000d19c9c174ab23dc11093ac919054d20a6a7fc"

[[package]]
name = "ursa"
version = "0.1.1"
source = "registry+https://github.com/rust-lang/crates.io-index"
checksum = "9081683a6861bee60c4005c280dafd50c6ee9c2ffd14935865f72658e5f2d9f8"
dependencies = [
 "amcl",
 "arrayref",
 "blake2",
 "ed25519-dalek",
 "env_logger",
 "failure",
 "generic-array",
 "int_traits",
 "lazy_static 1.3.0",
 "log",
 "openssl",
 "rand 0.6.5",
 "rand_chacha",
 "secp256k1",
 "serde",
 "serde_derive",
 "serde_json",
 "sha2",
 "sha3",
 "time",
 "zeroize 0.5.2",
]

[[package]]
name = "utf8-ranges"
version = "1.0.3"
source = "registry+https://github.com/rust-lang/crates.io-index"
checksum = "9d50aa7650df78abf942826607c62468ce18d9019673d4a2ebe1865dbb96ffde"

[[package]]
name = "uuid"
version = "0.5.1"
source = "registry+https://github.com/rust-lang/crates.io-index"
checksum = "bcc7e3b898aa6f6c08e5295b6c89258d1331e9ac578cc992fb818759951bdc22"
dependencies = [
 "rand 0.3.23",
]

[[package]]
name = "vcpkg"
version = "0.2.6"
source = "registry+https://github.com/rust-lang/crates.io-index"
checksum = "def296d3eb3b12371b2c7d0e83bfe1403e4db2d7a0bba324a12b21c4ee13143d"

[[package]]
name = "walkdir"
version = "2.2.8"
source = "registry+https://github.com/rust-lang/crates.io-index"
checksum = "c7904a7e2bb3cdf0cf5e783f44204a85a37a93151738fa349f06680f59a98b45"
dependencies = [
 "same-file",
 "winapi",
 "winapi-util",
]

[[package]]
name = "wasm-bindgen"
version = "0.2.46"
source = "registry+https://github.com/rust-lang/crates.io-index"
checksum = "5502982f20f1279d3a891c1cf8d6098df8a492e493c1228d2532fec8472e36ec"
dependencies = [
 "wasm-bindgen-macro",
]

[[package]]
name = "wasm-bindgen-backend"
version = "0.2.46"
source = "registry+https://github.com/rust-lang/crates.io-index"
checksum = "97fbff1e66971afbdc4c7ec3783954c61442e3b89217626bc29952ee9583418a"
dependencies = [
 "bumpalo",
 "lazy_static 1.3.0",
 "log",
 "proc-macro2",
 "quote 0.6.12",
 "syn 0.15.36",
 "wasm-bindgen-shared",
]

[[package]]
name = "wasm-bindgen-macro"
version = "0.2.46"
source = "registry+https://github.com/rust-lang/crates.io-index"
checksum = "20c053d0cb5bf05f35f5db53e18a9363fe359cab0c65376a631d8e8028192883"
dependencies = [
 "quote 0.6.12",
 "wasm-bindgen-macro-support",
]

[[package]]
name = "wasm-bindgen-macro-support"
version = "0.2.46"
source = "registry+https://github.com/rust-lang/crates.io-index"
checksum = "0578af634d3b25eb998a4ad587573be7e410e8a66b4a9262e62bda3a224c95b6"
dependencies = [
 "proc-macro2",
 "quote 0.6.12",
 "syn 0.15.36",
 "wasm-bindgen-backend",
 "wasm-bindgen-shared",
]

[[package]]
name = "wasm-bindgen-shared"
version = "0.2.46"
source = "registry+https://github.com/rust-lang/crates.io-index"
checksum = "9864292443a34a14464db49f0660202d3f7c9764d1fc9bbd49e354ad7ddd8c0a"

[[package]]
name = "winapi"
version = "0.3.7"
source = "registry+https://github.com/rust-lang/crates.io-index"
checksum = "f10e386af2b13e47c89e7236a7a14a086791a2b88ebad6df9bf42040195cf770"
dependencies = [
 "winapi-i686-pc-windows-gnu",
 "winapi-x86_64-pc-windows-gnu",
]

[[package]]
name = "winapi-i686-pc-windows-gnu"
version = "0.4.0"
source = "registry+https://github.com/rust-lang/crates.io-index"
checksum = "ac3b87c63620426dd9b991e5ce0329eff545bccbbb34f3be09ff6fb6ab51b7b6"

[[package]]
name = "winapi-util"
version = "0.1.2"
source = "registry+https://github.com/rust-lang/crates.io-index"
checksum = "7168bab6e1daee33b4557efd0e95d5ca70a03706d39fa5f3fe7a236f584b03c9"
dependencies = [
 "winapi",
]

[[package]]
name = "winapi-x86_64-pc-windows-gnu"
version = "0.4.0"
source = "registry+https://github.com/rust-lang/crates.io-index"
checksum = "712e227841d057c1ee1cd2fb22fa7e5a5461ae8e48fa2ca79ec42cfc1931183f"

[[package]]
name = "wincolor"
version = "1.0.1"
source = "registry+https://github.com/rust-lang/crates.io-index"
checksum = "561ed901ae465d6185fa7864d63fbd5720d0ef718366c9a4dc83cf6170d7e9ba"
dependencies = [
 "winapi",
 "winapi-util",
]

[[package]]
name = "zeroize"
version = "0.5.2"
source = "registry+https://github.com/rust-lang/crates.io-index"
checksum = "8ddfeb6eee2fb3b262ef6e0898a52b7563bb8e0d5955a313b3cf2f808246ea14"

[[package]]
name = "zeroize"
version = "0.9.1"
source = "registry+https://github.com/rust-lang/crates.io-index"
checksum = "5e2ea4afc22e9497e26b42bf047083c30f7e3ca566f3bcd7187f83d18b327043"
dependencies = [
 "zeroize_derive",
]

[[package]]
name = "zeroize_derive"
version = "0.9.0"
source = "registry+https://github.com/rust-lang/crates.io-index"
checksum = "afd1469e4bbca3b96606d26ba6e9bd6d3aed3b1299c82b92ec94377d22d78dbc"
dependencies = [
 "proc-macro2",
 "quote 0.6.12",
 "syn 0.15.36",
 "synstructure",
]

[[package]]
name = "zmq"
version = "0.8.3"
source = "registry+https://github.com/rust-lang/crates.io-index"
checksum = "8ff1c5e9ff4ac9c2847b2e72ada1c1eb3e188adb49fe3f1dd3bbcdc47f414d17"
dependencies = [
 "libc",
 "log",
 "zmq-sys",
]

[[package]]
name = "zmq-sys"
version = "0.8.3"
source = "registry+https://github.com/rust-lang/crates.io-index"
checksum = "4b770cf495ad41e920ab25c465f35b7eec09d0ce8d7c892a7c8334a5e0de037c"
dependencies = [
 "libc",
 "metadeps",
]
